Microsoft Visual Studio Solution File, Format Version 12.00
# Visual Studio Version 17
VisualStudioVersion = 17.5.2.0
MinimumVisualStudioVersion = 10.0.40219.1
Project("{FAE04EC0-301F-11D3-BF4B-00C04F79EFBC}") = "SPC42.DotNetProjectTemplates", "SPC42.DotNetProjectTemplates.csproj", "{074BF99C-C977-F99F-045B-8A10231120C0}"
EndProject
Global
	GlobalSection(SolutionConfigurationPlatforms) = preSolution
		Debug|Any CPU = Debug|Any CPU
		Release|Any CPU = Release|Any CPU
	EndGlobalSection
	GlobalSection(ProjectConfigurationPlatforms) = postSolution
		{074BF99C-C977-F99F-045B-8A10231120C0}.Debug|Any CPU.ActiveCfg = Debug|Any CPU
		{074BF99C-C977-F99F-045B-8A10231120C0}.Debug|Any CPU.Build.0 = Debug|Any CPU
		{074BF99C-C977-F99F-045B-8A10231120C0}.Release|Any CPU.ActiveCfg = Release|Any CPU
		{074BF99C-C977-F99F-045B-8A10231120C0}.Release|Any CPU.Build.0 = Release|Any CPU
	EndGlobalSection
	GlobalSection(SolutionProperties) = preSolution
		HideSolutionNode = FALSE
	EndGlobalSection
	GlobalSection(ExtensibilityGlobals) = postSolution
		SolutionGuid = {48662921-6692-4AB3-8E64-9F3A9FA13FC7}
	EndGlobalSection
EndGlobal
